
Microsoft Visual Studio Solution File, Format Version 12.00
# Visual Studio Version 17
VisualStudioVersion = 17.9.34728.123
MinimumVisualStudioVersion = 10.0.40219.1
Project("{FAE04EC0-301F-11D3-BF4B-00C04F79EFBC}") = "ProjectTesting", "ProjectTesting\ProjectTesting.csproj", "{275A4DA3-052B-49E1-A597-17DF23DA506B}"
EndProject
Global
	GlobalSection(SolutionConfigurationPlatforms) = preSolution
		Debug|Any CPU = Debug|Any CPU
		Release|Any CPU = Release|Any CPU
	EndGlobalSection
	GlobalSection(ProjectConfigurationPlatforms) = postSolution
		{275A4DA3-052B-49E1-A597-17DF23DA506B}.Debug|Any CPU.ActiveCfg = Debug|Any CPU
		{275A4DA3-052B-49E1-A597-17DF23DA506B}.Debug|Any CPU.Build.0 = Debug|Any CPU
		{275A4DA3-052B-49E1-A597-17DF23DA506B}.Release|Any CPU.ActiveCfg = Release|Any CPU
		{275A4DA3-052B-49E1-A597-17DF23DA506B}.Release|Any CPU.Build.0 = Release|Any CPU
	EndGlobalSection
	GlobalSection(SolutionProperties) = preSolution
		HideSolutionNode = FALSE
	EndGlobalSection
	GlobalSection(ExtensibilityGlobals) = postSolution
		SolutionGuid = {3B9A943E-5CA8-4E53-A090-1BACE83EC1CC}
	EndGlobalSection
EndGlobal
